
Microsoft Visual Studio Solution File, Format Version 12.00
# Visual Studio Version 17
VisualStudioVersion = 17.9.34723.18
MinimumVisualStudioVersion = 10.0.40219.1
Project("{9A19103F-16F7-4668-BE54-9A1E7A4F7556}") = "CapitalGains.CLI", "CapitalGains.CLI.csproj", "{2D49E79F-DD16-4C8D-86AA-7564C2CA545A}"
EndProject
Project("{9A19103F-16F7-4668-BE54-9A1E7A4F7556}") = "CapitalGains.Tests", "..\CapitalGains.Tests\CapitalGains.Tests.csproj", "{B58FE04C-43AC-440D-8D65-1271E008C18B}"
EndProject
Global
	GlobalSection(SolutionConfigurationPlatforms) = preSolution
		Debug|Any CPU = Debug|Any CPU
		Release|Any CPU = Release|Any CPU
	EndGlobalSection
	GlobalSection(ProjectConfigurationPlatforms) = postSolution
		{2D49E79F-DD16-4C8D-86AA-7564C2CA545A}.Debug|Any CPU.ActiveCfg = Debug|Any CPU
		{2D49E79F-DD16-4C8D-86AA-7564C2CA545A}.Debug|Any CPU.Build.0 = Debug|Any CPU
		{2D49E79F-DD16-4C8D-86AA-7564C2CA545A}.Release|Any CPU.ActiveCfg = Release|Any CPU
		{2D49E79F-DD16-4C8D-86AA-7564C2CA545A}.Release|Any CPU.Build.0 = Release|Any CPU
		{B58FE04C-43AC-440D-8D65-1271E008C18B}.Debug|Any CPU.ActiveCfg = Debug|Any CPU
		{B58FE04C-43AC-440D-8D65-1271E008C18B}.Debug|Any CPU.Build.0 = Debug|Any CPU
		{B58FE04C-43AC-440D-8D65-1271E008C18B}.Release|Any CPU.ActiveCfg = Release|Any CPU
		{B58FE04C-43AC-440D-8D65-1271E008C18B}.Release|Any CPU.Build.0 = Release|Any CPU
	EndGlobalSection
	GlobalSection(SolutionProperties) = preSolution
		HideSolutionNode = FALSE
	EndGlobalSection
	GlobalSection(ExtensibilityGlobals) = postSolution
		SolutionGuid = {DB50D202-74D9-4CAF-8A12-AADB31C7E296}
	EndGlobalSection
EndGlobal
